{
    "_meta": {
        "hash": {
            "sha256": "60c034332445dc29a4f621268c67609c5efb4b0d76ee7fa586ea8436cf70866a"
        },
        "pipfile-spec": 6,
        "requires": {},
        "sources": [
            {
                "name": "pypi",
                "url": "https://pypi.python.org/simple",
                "verify_ssl": true
            }
        ]
    },
    "default": {
        "asn1crypto": {
            "hashes": [
                "sha256:7bb1cc02a5620b3d72da4ba070bda2f44f0e61b44dee910a302eddff802b6fb5",
                "sha256:87620880a477123e01177a1f73d0f327210b43a3cdbd714efcd2fa49a8d7b384"
            ],
            "version": "==1.2.0"
        },
        "bytestring-splitter": {
            "hashes": [
                "sha256:708f70a171fbd5d28f8374e18b8fe00d931bdc908069611cb866397a8fbb34e5",
                "sha256:a681e2fc5a6bd8b083ce740fc4353b34492af63d0891e59c05cd0300f79f91d8"
            ],
            "index": "pypi",
            "version": "==1.0.0a4"
        },
        "cffi": {
            "hashes": [
                "sha256:0b49274afc941c626b605fb59b59c3485c17dc776dc3cc7cc14aca74cc19cc42",
                "sha256:0e3ea92942cb1168e38c05c1d56b0527ce31f1a370f6117f1d490b8dcd6b3a04",
                "sha256:135f69aecbf4517d5b3d6429207b2dff49c876be724ac0c8bf8e1ea99df3d7e5",
                "sha256:19db0cdd6e516f13329cba4903368bff9bb5a9331d3410b1b448daaadc495e54",
                "sha256:2781e9ad0e9d47173c0093321bb5435a9dfae0ed6a762aabafa13108f5f7b2ba",
                "sha256:291f7c42e21d72144bb1c1b2e825ec60f46d0a7468f5346841860454c7aa8f57",
                "sha256:2c5e309ec482556397cb21ede0350c5e82f0eb2621de04b2633588d118da4396",
                "sha256:2e9c80a8c3344a92cb04661115898a9129c074f7ab82011ef4b612f645939f12",
                "sha256:32a262e2b90ffcfdd97c7a5e24a6012a43c61f1f5a57789ad80af1d26c6acd97",
                "sha256:3c9fff570f13480b201e9ab69453108f6d98244a7f495e91b6c654a47486ba43",
                "sha256:415bdc7ca8c1c634a6d7163d43fb0ea885a07e9618a64bda407e04b04333b7db",
                "sha256:42194f54c11abc8583417a7cf4eaff544ce0de8187abaf5d29029c91b1725ad3",
                "sha256:4424e42199e86b21fc4db83bd76909a6fc2a2aefb352cb5414833c030f6ed71b",
                "sha256:4a43c91840bda5f55249413037b7a9b79c90b1184ed504883b72c4df70778579",
                "sha256:599a1e8ff057ac530c9ad1778293c665cb81a791421f46922d80a86473c13346",
                "sha256:5c4fae4e9cdd18c82ba3a134be256e98dc0596af1e7285a3d2602c97dcfa5159",
                "sha256:5ecfa867dea6fabe2a58f03ac9186ea64da1386af2159196da51c4904e11d652",
                "sha256:62f2578358d3a92e4ab2d830cd1c2049c9c0d0e6d3c58322993cc341bdeac22e",
                "sha256:6471a82d5abea994e38d2c2abc77164b4f7fbaaf80261cb98394d5793f11b12a",
                "sha256:6d4f18483d040e18546108eb13b1dfa1000a089bcf8529e30346116ea6240506",
                "sha256:71a608532ab3bd26223c8d841dde43f3516aa5d2bf37b50ac410bb5e99053e8f",
                "sha256:74a1d8c85fb6ff0b30fbfa8ad0ac23cd601a138f7509dc617ebc65ef305bb98d",
                "sha256:7b93a885bb13073afb0aa73ad82059a4c41f4b7d8eb8368980448b52d4c7dc2c",
                "sha256:7d4751da932caaec419d514eaa4215eaf14b612cff66398dd51129ac22680b20",
                "sha256:7f627141a26b551bdebbc4855c1157feeef18241b4b8366ed22a5c7d672ef858",
                "sha256:8169cf44dd8f9071b2b9248c35fc35e8677451c52f795daa2bb4643f32a540bc",
                "sha256:aa00d66c0fab27373ae44ae26a66a9e43ff2a678bf63a9c7c1a9a4d61172827a",
                "sha256:ccb032fda0873254380aa2bfad2582aedc2959186cce61e3a17abc1a55ff89c3",
                "sha256:d754f39e0d1603b5b24a7f8484b22d2904fa551fe865fd0d4c3332f078d20d4e",
                "sha256:d75c461e20e29afc0aee7172a0950157c704ff0dd51613506bd7d82b718e7410",
                "sha256:dcd65317dd15bc0451f3e01c80da2216a31916bdcffd6221ca1202d96584aa25",
                "sha256:e570d3ab32e2c2861c4ebe6ffcad6a8abf9347432a37608fe1fbd157b3f0036b",
                "sha256:fd43a88e045cf992ed09fa724b5315b790525f2676883a6ea64e3263bae6549d"
            ],
            "version": "==1.13.2"
        },
        "constant-sorrow": {
            "hashes": [
                "sha256:0ab5ddacde6484e986703a523b721517b7230e395d2bfddea5eced7153acbf9c",
                "sha256:8ff487bbc15d4ddcae7f0f745c56494f4267e90b20b19102d81b390803e14ded"
            ],
            "index": "pypi",
            "version": "==0.1.0a8"
        },
        "cryptography": {
            "hashes": [
                "sha256:05b3ded5e88747d28ee3ef493f2b92cbb947c1e45cf98cfef22e6d38bb67d4af",
                "sha256:06826e7f72d1770e186e9c90e76b4f84d90cdb917b47ff88d8dc59a7b10e2b1e",
                "sha256:08b753df3672b7066e74376f42ce8fc4683e4fd1358d34c80f502e939ee944d2",
                "sha256:2cd29bd1911782baaee890544c653bb03ec7d95ebeb144d714b0f5c33deb55c7",
                "sha256:31e5637e9036d966824edaa91bf0aa39dc6f525a1c599f39fd5c50340264e079",
                "sha256:42fad67d7072216a49e34f923d8cbda9edacbf6633b19a79655e88a1b4857063",
                "sha256:4946b67235b9d2ea7d31307be9d5ad5959d6c4a8f98f900157b47abddf698401",
                "sha256:522fdb2809603ee97a4d0ef2f8d617bc791eb483313ba307cb9c0a773e5e5695",
                "sha256:6f841c7272645dd7c65b07b7108adfa8af0aaea57f27b7f59e01d41f75444c85",
                "sha256:7d335e35306af5b9bc0560ca39f740dfc8def72749645e193dd35be11fb323b3",
                "sha256:8504661ffe324837f5c4607347eeee4cf0fcad689163c6e9c8d3b18cf1f4a4ad",
                "sha256:9260b201ce584d7825d900c88700aa0bd6b40d4ebac7b213857bd2babee9dbca",
                "sha256:9a30384cc402eac099210ab9b8801b2ae21e591831253883decdb4513b77a3cd",
                "sha256:9e29af877c29338f0cab5f049ccc8bd3ead289a557f144376c4fbc7d1b98914f",
                "sha256:ab50da871bc109b2d9389259aac269dd1b7c7413ee02d06fe4e486ed26882159",
                "sha256:b13c80b877e73bcb6f012813c6f4a9334fcf4b0e96681c5a15dac578f2eedfa0",
                "sha256:bfe66b577a7118e05b04141f0f1ed0959552d45672aa7ecb3d91e319d846001e",
                "sha256:e091bd424567efa4b9d94287a952597c05d22155a13716bf5f9f746b9dc906d3",
                "sha256:fa2b38c8519c5a3aa6e2b4e1cf1a549b54acda6adb25397ff542068e73d1ed00"
            ],
            "index": "pypi",
            "version": "==2.5"
        },
        "msgpack-python": {
            "hashes": [
                "sha256:378cc8a6d3545b532dfd149da715abae4fda2a3adb6d74e525d0d5e51f46909b"
            ],
            "version": "==0.5.6"
        },
        "pycparser": {
            "hashes": [
                "sha256:a988718abfad80b6b157acce7bf130a30876d27603738ac39f140993246b25b3"
            ],
            "version": "==2.19"
        },
        "pynacl": {
            "hashes": [
                "sha256:05c26f93964373fc0abe332676cb6735f0ecad27711035b9472751faa8521255",
                "sha256:0c6100edd16fefd1557da078c7a31e7b7d7a52ce39fdca2bec29d4f7b6e7600c",
                "sha256:0d0a8171a68edf51add1e73d2159c4bc19fc0718e79dec51166e940856c2f28e",
                "sha256:1c780712b206317a746ace34c209b8c29dbfd841dfbc02aa27f2084dd3db77ae",
                "sha256:2424c8b9f41aa65bbdbd7a64e73a7450ebb4aa9ddedc6a081e7afcc4c97f7621",
                "sha256:2d23c04e8d709444220557ae48ed01f3f1086439f12dbf11976e849a4926db56",
                "sha256:30f36a9c70450c7878053fa1344aca0145fd47d845270b43a7ee9192a051bf39",
                "sha256:37aa336a317209f1bb099ad177fef0da45be36a2aa664507c5d72015f956c310",
                "sha256:4943decfc5b905748f0756fdd99d4f9498d7064815c4cf3643820c9028b711d1",
                "sha256:53126cd91356342dcae7e209f840212a58dcf1177ad52c1d938d428eebc9fee5",
                "sha256:57ef38a65056e7800859e5ba9e6091053cd06e1038983016effaffe0efcd594a",
                "sha256:5bd61e9b44c543016ce1f6aef48606280e45f892a928ca7068fba30021e9b786",
                "sha256:6482d3017a0c0327a49dddc8bd1074cc730d45db2ccb09c3bac1f8f32d1eb61b",
                "sha256:7d3ce02c0784b7cbcc771a2da6ea51f87e8716004512493a2b69016326301c3b",
                "sha256:a14e499c0f5955dcc3991f785f3f8e2130ed504fa3a7f44009ff458ad6bdd17f",
                "sha256:a39f54ccbcd2757d1d63b0ec00a00980c0b382c62865b61a505163943624ab20",
                "sha256:aabb0c5232910a20eec8563503c153a8e78bbf5459490c49ab31f6adf3f3a415",
                "sha256:bd4ecb473a96ad0f90c20acba4f0bf0df91a4e03a1f4dd6a4bdc9ca75aa3a715",
                "sha256:bf459128feb543cfca16a95f8da31e2e65e4c5257d2f3dfa8c0c1031139c9c92",
                "sha256:e2da3c13307eac601f3de04887624939aca8ee3c9488a0bb0eca4fb9401fc6b1",
                "sha256:f67814c38162f4deb31f68d590771a29d5ae3b1bd64b75cf232308e5c74777e0"
            ],
            "index": "pypi",
            "version": "==1.3.0"
        },
        "pysha3": {
            "hashes": [
                "sha256:0060a66be16665d90c432f55a0ba1f6480590cfb7d2ad389e688a399183474f0",
                "sha256:11a2ba7a2e1d9669d0052fc8fb30f5661caed5512586ecbeeaf6bf9478ab5c48",
                "sha256:386998ee83e313b6911327174e088021f9f2061cbfa1651b97629b761e9ef5c4",
                "sha256:41be70b06c8775a9e4d4eeb52f2f6a3f356f17539a54eac61f43a29e42fd453d",
                "sha256:4416f16b0f1605c25f627966f76873e432971824778b369bd9ce1bb63d6566d9",
                "sha256:571a246308a7b63f15f5aa9651f99cf30f2a6acba18eddf28f1510935968b603",
                "sha256:59111c08b8f34495575d12e5f2ce3bafb98bea470bc81e70c8b6df99aef0dd2f",
                "sha256:5ec8da7c5c70a53b5fa99094af3ba8d343955b212bc346a0d25f6ff75853999f",
                "sha256:684cb01d87ed6ff466c135f1c83e7e4042d0fc668fa20619f581e6add1d38d77",
                "sha256:68c3a60a39f9179b263d29e221c1bd6e01353178b14323c39cc70593c30f21c5",
                "sha256:6e6a84efb7856f5d760ee55cd2b446972cb7b835676065f6c4f694913ea8f8d9",
                "sha256:827b308dc025efe9b6b7bae36c2e09ed0118a81f792d888548188e97b9bf9a3d",
                "sha256:93abd775dac570cb9951c4e423bcb2bc6303a9d1dc0dc2b7afa2dd401d195b24",
                "sha256:9c778fa8b161dc9348dc5cc361e94d54aa5ff18413788f4641f6600d4893a608",
                "sha256:9fdd28884c5d0b4edfed269b12badfa07f1c89dbc5c9c66dd279833894a9896b",
                "sha256:c7c2adcc43836223680ebdf91f1d3373543dc32747c182c8ca2e02d1b69ce030",
                "sha256:c93a2676e6588abcfaecb73eb14485c81c63b94fca2000a811a7b4fb5937b8e8",
                "sha256:cd5c961b603bd2e6c2b5ef9976f3238a561c58569945d4165efb9b9383b050ef",
                "sha256:f9046d59b3e72aa84f6dae83a040bd1184ebd7fef4e822d38186a8158c89e3cf",
                "sha256:fd7e66999060d079e9c0e8893e78d8017dad4f59721f6fe0be6307cd32127a07",
                "sha256:fe988e73f2ce6d947220624f04d467faf05f1bbdbc64b0a201296bb3af92739e"
            ],
            "index": "pypi",
            "version": "==1.0.2"
        },
        "six": {
            "hashes": [
                "sha256:1f1b7d42e254082a9db6279deae68afb421ceba6158efa6131de7b3003ee93fd",
                "sha256:30f610279e8b2578cab6db20741130331735c781b56053c59c4076da27f06b66"
            ],
            "version": "==1.13.0"
        }
    },
    "develop": {
        "alabaster": {
            "hashes": [
                "sha256:446438bdcca0e05bd45ea2de1668c1d9b032e1a9154c2c259092d77031ddd359",
                "sha256:a661d72d58e6ea8a57f7a86e37d86716863ee5e92788398526d58b26a4e4dc02"
            ],
            "version": "==0.7.12"
        },
        "argh": {
            "hashes": [
                "sha256:a9b3aaa1904eeb78e32394cd46c6f37ac0fb4af6dc488daa58971bdc7d7fcaf3",
                "sha256:e9535b8c84dc9571a48999094fda7f33e63c3f1b74f3e5f3ac0105a58405bb65"
            ],
            "version": "==0.26.2"
        },
        "atomicwrites": {
            "hashes": [
                "sha256:03472c30eb2c5d1ba9227e4c2ca66ab8287fbfbbda3888aa93dc2e28fc6811b4",
                "sha256:75a9445bac02d8d058d5e1fe689654ba5a6556a1dfd8ce6ec55a0ed79866cfa6"
            ],
            "version": "==1.3.0"
        },
        "attrs": {
            "hashes": [
                "sha256:08a96c641c3a74e44eb59afb61a24f2cb9f4d7188748e76ba4bb5edfa3cb7d1c",
                "sha256:f7b7ce16570fe9965acd6d30101a28f62fb4a7f9e926b3bbc9b61f8b04247e72"
            ],
            "version": "==19.3.0"
        },
        "babel": {
            "hashes": [
                "sha256:af92e6106cb7c55286b25b38ad7695f8b4efb36a90ba483d7f7a6628c46158ab",
                "sha256:e86135ae101e31e2c8ec20a4e0c5220f4eed12487d5cf3f78be7e98d3a57fc28"
            ],
            "version": "==2.7.0"
        },
        "backcall": {
            "hashes": [
                "sha256:38ecd85be2c1e78f77fd91700c76e14667dc21e2713b63876c0eb901196e01e4",
                "sha256:bbbf4b1e5cd2bdb08f915895b51081c041bac22394fdfcfdfbe9f14b77c08bf2"
            ],
            "version": "==0.1.0"
        },
        "bumpversion": {
            "hashes": [
                "sha256:6744c873dd7aafc24453d8b6a1a0d6d109faf63cd0cd19cb78fd46e74932c77e",
                "sha256:6753d9ff3552013e2130f7bc03c1007e24473b4835952679653fb132367bdd57"
            ],
            "index": "pypi",
            "version": "==0.5.3"
        },
        "certifi": {
            "hashes": [
                "sha256:017c25db2a153ce562900032d5bc68e9f191e44e9a0f762f373977de9df1fbb3",
                "sha256:25b64c7da4cd7479594d035c08c2d809eb4aab3a26e5a990ea98cc450c320f1f"
            ],
            "version": "==2019.11.28"
        },
        "chardet": {
            "hashes": [
                "sha256:84ab92ed1c4d4f16916e05906b6b75a6c0fb5db821cc65e70cbd64a3e2a5eaae",
                "sha256:fc323ffcaeaed0e0a02bf4d117757b98aed530d9ed4531e3e15460124c106691"
            ],
            "version": "==3.0.4"
        },
        "click": {
            "hashes": [
                "sha256:2335065e6395b9e67ca716de5f7526736bfa6ceead690adf616d925bdc622b13",
                "sha256:5b94b49521f6456670fdb30cd82a4eca9412788a93fa6dd6df72c94d5a8ff2d7"
            ],
            "version": "==7.0"
        },
        "codecov": {
            "hashes": [
                "sha256:8ed8b7c6791010d359baed66f84f061bba5bd41174bf324c31311e8737602788",
                "sha256:ae00d68e18d8a20e9c3288ba3875ae03db3a8e892115bf9b83ef20507732bed4"
            ],
            "index": "pypi",
            "version": "==2.0.15"
        },
        "coverage": {
            "hashes": [
                "sha256:029c69deaeeeae1b15bc6c59f0ffa28aa8473721c614a23f2c2976dec245cd12",
                "sha256:02abbbebc6e9d5abe13cd28b5e963dedb6ffb51c146c916d17b18f141acd9947",
                "sha256:1bbfe5b82a3921d285e999c6d256c1e16b31c554c29da62d326f86c173d30337",
                "sha256:210c02f923df33a8d0e461c86fdcbbb17228ff4f6d92609fc06370a98d283c2d",
                "sha256:2d0807ba935f540d20b49d5bf1c0237b90ce81e133402feda906e540003f2f7a",
                "sha256:35d7a013874a7c927ce997350d314144ffc5465faf787bb4e46e6c4f381ef562",
                "sha256:3636f9d0dcb01aed4180ef2e57a4e34bb4cac3ecd203c2a23db8526d86ab2fb4",
                "sha256:42f4be770af2455a75e4640f033a82c62f3fb0d7a074123266e143269d7010ef",
                "sha256:48440b25ba6cda72d4c638f3a9efa827b5b87b489c96ab5f4ff597d976413156",
                "sha256:4dac8dfd1acf6a3ac657475dfdc66c621f291b1b7422a939cc33c13ac5356473",
                "sha256:4e8474771c69c2991d5eab65764289a7dd450bbea050bc0ebb42b678d8222b42",
                "sha256:551f10ddfeff56a1325e5a34eff304c5892aa981fd810babb98bfee77ee2fb17",
                "sha256:5b104982f1809c1577912519eb249f17d9d7e66304ad026666cb60a5ef73309c",
                "sha256:5c62aef73dfc87bfcca32cee149a1a7a602bc74bac72223236b0023543511c88",
                "sha256:633151f8d1ad9467b9f7e90854a7f46ed8f2919e8bc7d98d737833e8938fc081",
                "sha256:772207b9e2d5bf3f9d283b88915723e4e92d9a62c83f44ec92b9bd0cd685541b",
                "sha256:7d5e02f647cd727afc2659ec14d4d1cc0508c47e6cfb07aea33d7aa9ca94d288",
                "sha256:a9798a4111abb0f94584000ba2a2c74841f2cfe5f9254709756367aabbae0541",
                "sha256:b38ea741ab9e35bfa7015c93c93bbd6a1623428f97a67083fc8ebd366238b91f",
                "sha256:b6a5478c904236543c0347db8a05fac6fc0bd574c870e7970faa88e1d9890044",
                "sha256:c6248bfc1de36a3844685a2e10ba17c18119ba6252547f921062a323fb31bff1",
                "sha256:c705ab445936457359b1424ef25ccc0098b0491b26064677c39f1d14a539f056",
                "sha256:d95a363d663ceee647291131dbd213af258df24f41350246842481ec3709bd33",
                "sha256:e27265eb80cdc5dab55a40ef6f890e04ecc618649ad3da5265f128b141f93f78",
                "sha256:ebc276c9cb5d917bd2ae959f84ffc279acafa9c9b50b0fa436ebb70bbe2166ea",
                "sha256:f4d229866d030863d0fe3bf297d6d11e6133ca15bbb41ed2534a8b9a3d6bd061",
                "sha256:f95675bd88b51474d4fe5165f3266f419ce754ffadfb97f10323931fa9ac95e5",
                "sha256:f95bc54fb6d61b9f9ff09c4ae8ff6a3f5edc937cda3ca36fc937302a7c152bf1",
                "sha256:fd0f6be53de40683584e5331c341e65a679dbe5ec489a0697cec7c2ef1a48cda"
            ],
            "index": "pypi",
            "version": "==5.0a4"
        },
        "decorator": {
            "hashes": [
                "sha256:54c38050039232e1db4ad7375cfce6748d7b41c29e95a081c8a6d2c30364a2ce",
                "sha256:5d19b92a3c8f7f101c8dd86afd86b0f061a8ce4540ab8cd401fa2542756bce6d"
            ],
            "version": "==4.4.1"
        },
        "docutils": {
            "hashes": [
                "sha256:6c4f696463b79f1fb8ba0c594b63840ebd41f059e92b31957c46b74a4599b6d0",
                "sha256:9e4d7ecfc600058e07ba661411a2b7de2fd0fafa17d1a7f7361cd47b1175c827",
                "sha256:a2aeea129088da402665e92e0b25b04b073c04b2dce4ab65caaa38b7ce2e1a99"
            ],
            "version": "==0.15.2"
        },
        "hypothesis": {
            "hashes": [
                "sha256:7f97f984d45f22b8895ee4d98c7f48e7ebc2c2fbf9d5ce07dad77989997821f6",
                "sha256:cb8c89295c36db0014409c8d7c897094f538cb880a25e3dc3e86fb768787a03d",
                "sha256:e83442d2f74ceb1d166e351308810b394802fd9758c3b89ae36ca8daadac9fd4"
            ],
            "index": "pypi",
            "version": "==4.6.1"
        },
        "idna": {
            "hashes": [
                "sha256:c357b3f628cf53ae2c4c05627ecc484553142ca23264e593d327bcde5e9c3407",
                "sha256:ea8b7f6188e6fa117537c3df7da9fc686d485087abf6ac197f9c46432f7e4a3c"
            ],
            "version": "==2.8"
        },
        "imagesize": {
            "hashes": [
                "sha256:3f349de3eb99145973fefb7dbe38554414e5c30abd0c8e4b970a7c9d09f3a1d8",
                "sha256:f3832918bc3c66617f92e35f5d70729187676313caa60c187eb0f28b8fe5e3b5"
            ],
            "version": "==1.1.0"
        },
        "ipykernel": {
            "hashes": [
                "sha256:1a7def9c986f1ee018c1138d16951932d4c9d4da01dad45f9d34e9899565a22f",
                "sha256:b368ad13edb71fa2db367a01e755a925d7f75ed5e09fbd3f06c85e7a8ef108a8"
            ],
            "version": "==5.1.3"
        },
        "ipython": {
            "hashes": [
                "sha256:c66c7e27239855828a764b1e8fc72c24a6f4498a2637572094a78c5551fb9d51",
                "sha256:f186b01b36609e0c5d0de27c7ef8e80c990c70478f8c880863004b3489a9030e"
            ],
            "version": "==7.10.1"
        },
        "ipython-genutils": {
            "hashes": [
                "sha256:72dd37233799e619666c9f639a9da83c34013a73e8bbc79a7a6348d93c61fab8",
                "sha256:eb2e116e75ecef9d4d228fdc66af54269afa26ab4463042e33785b887c628ba8"
            ],
            "version": "==0.2.0"
        },
        "jedi": {
            "hashes": [
                "sha256:786b6c3d80e2f06fd77162a07fed81b8baa22dde5d62896a790a331d6ac21a27",
                "sha256:ba859c74fa3c966a22f2aeebe1b74ee27e2a462f56d3f5f7ca4a59af61bfe42e"
            ],
            "version": "==0.15.1"
        },
        "jinja2": {
            "hashes": [
                "sha256:74320bb91f31270f9551d46522e33af46a80c3d619f4a4bf42b3164d30b5911f",
                "sha256:9fe95f19286cfefaa917656583d020be14e7859c6b0252588391e47db34527de"
            ],
            "version": "==2.10.3"
        },
        "jsonschema": {
            "hashes": [
                "sha256:4e5b3cf8216f577bee9ce139cbe72eca3ea4f292ec60928ff24758ce626cd163",
                "sha256:c8a85b28d377cc7737e46e2d9f2b4f44ee3c0e1deac6bf46ddefc7187d30797a"
            ],
            "version": "==3.2.0"
        },
        "jupyter-client": {
            "hashes": [
                "sha256:60e6faec1031d63df57f1cc671ed673dced0ed420f4377ea33db37b1c188b910",
                "sha256:d0c077c9aaa4432ad485e7733e4d91e48f87b4f4bab7d283d42bb24cbbba0a0f"
            ],
            "version": "==5.3.4"
        },
        "jupyter-core": {
            "hashes": [
                "sha256:464769f7387d7a62a2403d067f1ddc616655b7f77f5d810c0dd62cb54bfd0fb9",
                "sha256:a183e0ec2e8f6adddf62b0a3fc6a2237e3e0056d381e536d3e7c7ecc3067e244"
            ],
            "version": "==4.6.1"
        },
        "livereload": {
            "hashes": [
                "sha256:78d55f2c268a8823ba499305dcac64e28ddeb9a92571e12d543cd304faf5817b",
                "sha256:89254f78d7529d7ea0a3417d224c34287ebfe266b05e67e51facaf82c27f0f66"
            ],
            "version": "==2.6.1"
        },
        "markupsafe": {
            "hashes": [
                "sha256:00bc623926325b26bb9605ae9eae8a215691f33cae5df11ca5424f06f2d1f473",
                "sha256:09027a7803a62ca78792ad89403b1b7a73a01c8cb65909cd876f7fcebd79b161",
                "sha256:09c4b7f37d6c648cb13f9230d847adf22f8171b1ccc4d5682398e77f40309235",
                "sha256:1027c282dad077d0bae18be6794e6b6b8c91d58ed8a8d89a89d59693b9131db5",
                "sha256:24982cc2533820871eba85ba648cd53d8623687ff11cbb805be4ff7b4c971aff",
                "sha256:29872e92839765e546828bb7754a68c418d927cd064fd4708fab9fe9c8bb116b",
                "sha256:43a55c2930bbc139570ac2452adf3d70cdbb3cfe5912c71cdce1c2c6bbd9c5d1",
                "sha256:46c99d2de99945ec5cb54f23c8cd5689f6d7177305ebff350a58ce5f8de1669e",
                "sha256:500d4957e52ddc3351cabf489e79c91c17f6e0899158447047588650b5e69183",
                "sha256:535f6fc4d397c1563d08b88e485c3496cf5784e927af890fb3c3aac7f933ec66",
                "sha256:62fe6c95e3ec8a7fad637b7f3d372c15ec1caa01ab47926cfdf7a75b40e0eac1",
                "sha256:6dd73240d2af64df90aa7c4e7481e23825ea70af4b4922f8ede5b9e35f78a3b1",
                "sha256:717ba8fe3ae9cc0006d7c451f0bb265ee07739daf76355d06366154ee68d221e",
                "sha256:79855e1c5b8da654cf486b830bd42c06e8780cea587384cf6545b7d9ac013a0b",
                "sha256:7c1699dfe0cf8ff607dbdcc1e9b9af1755371f92a68f706051cc8c37d447c905",
                "sha256:88e5fcfb52ee7b911e8bb6d6aa2fd21fbecc674eadd44118a9cc3863f938e735",
                "sha256:8defac2f2ccd6805ebf65f5eeb132adcf2ab57aa11fdf4c0dd5169a004710e7d",
                "sha256:98c7086708b163d425c67c7a91bad6e466bb99d797aa64f965e9d25c12111a5e",
                "sha256:9add70b36c5666a2ed02b43b335fe19002ee5235efd4b8a89bfcf9005bebac0d",
                "sha256:9bf40443012702a1d2070043cb6291650a0841ece432556f784f004937f0f32c",
                "sha256:ade5e387d2ad0d7ebf59146cc00c8044acbd863725f887353a10df825fc8ae21",
                "sha256:b00c1de48212e4cc9603895652c5c410df699856a2853135b3967591e4beebc2",
                "sha256:b1282f8c00509d99fef04d8ba936b156d419be841854fe901d8ae224c59f0be5",
                "sha256:b2051432115498d3562c084a49bba65d97cf251f5a331c64a12ee7e04dacc51b",
                "sha256:ba59edeaa2fc6114428f1637ffff42da1e311e29382d81b339c1817d37ec93c6",
                "sha256:c8716a48d94b06bb3b2524c2b77e055fb313aeb4ea620c8dd03a105574ba704f",
                "sha256:cd5df75523866410809ca100dc9681e301e3c27567cf498077e8551b6d20e42f",
                "sha256:e249096428b3ae81b08327a63a485ad0878de3fb939049038579ac0ef61e17e7"
            ],
            "version": "==1.1.1"
        },
        "mock": {
            "hashes": [
                "sha256:5ce3c71c5545b472da17b72268978914d0252980348636840bd34a00b5cc96c1",
                "sha256:b158b6df76edd239b8208d481dc46b6afd45a846b7812ff0ce58971cf5bc8bba"
            ],
            "index": "pypi",
            "version": "==2.0.0"
        },
        "monkeytype": {
            "hashes": [
                "sha256:baeeee422c17202038ccf17ca73eb97eddb65a4178a215c1ff212cfb7373eb65",
                "sha256:ecee4162a153c8a0d2151dfc66f06ebb82e4582b0d46281798d908888bb0c9b9"
            ],
            "index": "pypi",
            "version": "==19.1.1"
        },
        "more-itertools": {
            "hashes": [
                "sha256:53ff73f186307d9c8ef17a9600309154a6ae27f25579e80af4db8f047ba14bc2",
                "sha256:a0ea684c39bc4315ba7aae406596ef191fd84f873d2d2751f84d64e81a7a2d45"
            ],
            "markers": "python_version > '2.7'",
            "version": "==8.0.0"
        },
        "mypy": {
            "hashes": [
                "sha256:308c274eb8482fbf16006f549137ddc0d69e5a589465e37b99c4564414363ca7",
                "sha256:e80fd6af34614a0e898a57f14296d0dacb584648f0339c2e000ddbf0f4cc2f8d"
            ],
            "index": "pypi",
            "version": "==0.670"
        },
        "mypy-extensions": {
            "hashes": [
                "sha256:090fedd75945a69ae91ce1303b5824f428daf5a028d2f6ab8a299250a846f15d",
                "sha256:2d82818f5bb3e369420cb3c4060a7970edba416647068eb4c5343488a6c604a8"
            ],
            "version": "==0.4.3"
        },
        "nbformat": {
            "hashes": [
                "sha256:b9a0dbdbd45bb034f4f8893cafd6f652ea08c8c1674ba83f2dc55d3955743b0b",
                "sha256:f7494ef0df60766b7cabe0a3651556345a963b74dbc16bc7c18479041170d402"
            ],
            "version": "==4.4.0"
        },
        "nbval": {
            "hashes": [
                "sha256:3f18b87af4e94ccd073263dd58cd3eebabe9f5e4d6ab535b39d3af64811c7eda",
                "sha256:74ff5e2c90a50b1ddf7edd02978c4e43221b1ee252dc14fcaa4230aae4492eda"
            ],
            "index": "pypi",
            "version": "==0.9.1"
        },
        "packaging": {
            "hashes": [
                "sha256:28b924174df7a2fa32c1953825ff29c61e2f5e082343165438812f00d3a7fc47",
                "sha256:d9551545c6d761f3def1677baf08ab2a3ca17c56879e70fecba2fc4dde4ed108"
            ],
            "version": "==19.2"
        },
        "parso": {
            "hashes": [
                "sha256:63854233e1fadb5da97f2744b6b24346d2750b85965e7e399bec1620232797dc",
                "sha256:666b0ee4a7a1220f65d367617f2cd3ffddff3e205f3f16a0284df30e774c2a9c"
            ],
            "version": "==0.5.1"
        },
        "pathspec": {
            "hashes": [
                "sha256:e285ccc8b0785beadd4c18e5708b12bb8fcf529a1e61215b3feff1d1e559ea5c"
            ],
            "version": "==0.6.0"
        },
        "pathtools": {
            "hashes": [
                "sha256:7c35c5421a39bb82e58018febd90e3b6e5db34c5443aaaf742b3f33d4655f1c0"
            ],
            "version": "==0.1.2"
        },
        "pbr": {
            "hashes": [
                "sha256:139d2625547dbfa5fb0b81daebb39601c478c21956dc57e2e07b74450a8c506b",
                "sha256:61aa52a0f18b71c5cc58232d2cf8f8d09cd67fcad60b742a60124cb8d6951488"
            ],
            "version": "==5.4.4"
        },
        "pexpect": {
            "hashes": [
                "sha256:2094eefdfcf37a1fdbfb9aa090862c1a4878e5c7e0e7e7088bdb511c558e5cd1",
                "sha256:9e2c1fd0e6ee3a49b28f95d4b33bc389c89b20af6a1255906e90ff1262ce62eb"
            ],
            "markers": "sys_platform != 'win32'",
            "version": "==4.7.0"
        },
        "pickleshare": {
            "hashes": [
                "sha256:87683d47965c1da65cdacaf31c8441d12b8044cdec9aca500cd78fc2c683afca",
                "sha256:9649af414d74d4df115d5d718f82acb59c9d418196b7b4290ed47a12ce62df56"
            ],
            "version": "==0.7.5"
        },
        "pluggy": {
            "hashes": [
                "sha256:15b2acde666561e1298d71b523007ed7364de07029219b604cf808bfa1c765b0",
                "sha256:966c145cd83c96502c3c3868f50408687b38434af77734af1e9ca461a4081d2d"
            ],
            "version": "==0.13.1"
        },
        "port-for": {
            "hashes": [
                "sha256:b16a84bb29c2954db44c29be38b17c659c9c27e33918dec16b90d375cc596f1c"
            ],
            "version": "==0.3.1"
        },
        "prompt-toolkit": {
            "hashes": [
                "sha256:0278d2f51b5ceba6ea8da39f76d15684e84c996b325475f6e5720edc584326a7",
                "sha256:63daee79aa8366c8f1c637f1a4876b890da5fc92a19ebd2f7080ebacb901e990"
            ],
            "version": "==3.0.2"
        },
        "ptyprocess": {
            "hashes": [
                "sha256:923f299cc5ad920c68f2bc0bc98b75b9f838b93b599941a6b63ddbc2476394c0",
                "sha256:d7cc528d76e76342423ca640335bd3633420dc1366f258cb31d05e865ef5ca1f"
            ],
            "version": "==0.6.0"
        },
        "py": {
            "hashes": [
                "sha256:64f65755aee5b381cea27766a3a147c3f15b9b6b9ac88676de66ba2ae36793fa",
                "sha256:dc639b046a6e2cff5bbe40194ad65936d6ba360b52b3c3fe1d08a82dd50b5e53"
            ],
            "version": "==1.8.0"
        },
        "py-cpuinfo": {
            "hashes": [
                "sha256:2cf6426f776625b21d1db8397d3297ef7acfa59018f02a8779123f3190f18500"
            ],
            "version": "==5.0.0"
        },
        "pygal": {
            "hashes": [
                "sha256:27abab93cbc31e21f3c6bdecc05bda6cd3570cbdbd8297b7caa6904051b50d72",
                "sha256:9204f05380b02a8a32f9bf99d310b51aa2a932cba5b369f7a4dc3705f0a4ce83"
            ],
            "version": "==2.4.0"
        },
        "pygaljs": {
            "hashes": [
                "sha256:bd778749bc387a71520dde99f36a75ea776b3dcde5f3b59b4bd079c5723b1eb8",
                "sha256:be757bc75f52b46669472f6cc7eac95935092495bef153b8810a46c0c59f88a1"
            ],
            "version": "==1.0.1"
        },
        "pygments": {
            "hashes": [
                "sha256:2a3fe295e54a20164a9df49c75fa58526d3be48e14aceba6d6b1e8ac0bfd6f1b",
                "sha256:98c8aa5a9f778fcd1026a17361ddaf7330d1b7c62ae97c3bb0ae73e0b9b6b0fe"
            ],
            "version": "==2.5.2"
        },
        "pyparsing": {
            "hashes": [
                "sha256:20f995ecd72f2a1f4bf6b072b63b22e2eb457836601e76d6e5dfcd75436acc1f",
                "sha256:4ca62001be367f01bd3e92ecbb79070272a9d4964dce6a48a82ff0b8bc7e683a"
            ],
            "version": "==2.4.5"
        },
        "pyrsistent": {
            "hashes": [
                "sha256:f3b280d030afb652f79d67c5586157c5c1355c9a58dfc7940566e28d28f3df1b"
            ],
            "version": "==0.15.6"
        },
        "pytest": {
            "hashes": [
                "sha256:067a1d4bf827ffdd56ad21bd46674703fce77c5957f6c1eef731f6146bfcef1c",
                "sha256:9687049d53695ad45cf5fdc7bbd51f0c49f1ea3ecfc4b7f3fde7501b541f17f4"
            ],
            "index": "pypi",
            "version": "==4.3.0"
        },
        "pytest-benchmark": {
            "extras": [
                "histogram"
            ],
            "hashes": [
                "sha256:4512c6805318d07926efcb3b39f7b98a10d035305a93edfd5329c86cbf9cfbf7",
                "sha256:ab851115ce022639173b9497d4a4183a1d8fe9cdcf8fab9d8a57607008aedd3d"
            ],
            "index": "pypi",
            "version": "==3.2.2"
        },
        "pytest-cov": {
            "hashes": [
                "sha256:0ab664b25c6aa9716cbf203b17ddb301932383046082c081b9848a0edf5add33",
                "sha256:230ef817450ab0699c6cc3c9c8f7a829c34674456f2ed8df1fe1d39780f7c87f"
            ],
            "index": "pypi",
            "version": "==2.6.1"
        },
        "pytest-mock": {
            "hashes": [
                "sha256:4d0d06d173eecf172703219a71dbd4ade0e13904e6bbce1ce660e2e0dc78b5c4",
                "sha256:bfdf02789e3d197bd682a758cae0a4a18706566395fbe2803badcd1335e0173e"
            ],
            "index": "pypi",
            "version": "==1.10.1"
        },
        "pytest-mypy": {
            "hashes": [
                "sha256:8f6436eed8118afd6c10a82b3b60fb537336736b0fd7a29262a656ac42ce01ac",
                "sha256:acc653210e7d8d5c72845a5248f00fd33f4f3379ca13fe56cfc7b749b5655c3e"
            ],
            "index": "pypi",
            "version": "==0.3.2"
        },
        "python-dateutil": {
            "hashes": [
                "sha256:73ebfe9dbf22e832286dafa60473e4cd239f8592f699aa5adaf10050e6e1823c",
                "sha256:75bb3f31ea686f1197762692a9ee6a7550b59fc6ca3a1f4b5d7e32fb98e2da2a"
            ],
            "version": "==2.8.1"
        },
        "pytz": {
            "hashes": [
                "sha256:1c557d7d0e871de1f5ccd5833f60fb2550652da6be2693c1e02300743d21500d",
                "sha256:b02c06db6cf09c12dd25137e563b31700d3b80fcc4ad23abb7a315f2789819be"
            ],
            "version": "==2019.3"
        },
        "pyyaml": {
            "hashes": [
                "sha256:05418379e70ae2e986d31cfb51b50bd0f93bf5ab9d9b40dabdb4616727c4c26e",
                "sha256:37c31e6087df09321539c18b5b02382538354c350dc76f3b458a6c93745a545c",
                "sha256:3fd57916529381a46619e1cbfe1d372c7e008d5945fb1953da4a03b195630c33",
                "sha256:52559ed9a06e2775d5c7ec5d86932371a439d6594a21991589475894a399939b",
                "sha256:79288cdd596f9b77687f9e363fabf74a71f0399034b2742a74b1ca1f0ba5285f",
                "sha256:7f737a46c65635898a1cb19b2ddf4e0c906d3f2e422c995f828fb621f8fa856b",
                "sha256:93c09bcfe50adc03bbfb74f665e680d984b1023e83d0b48c93f7e2a8e70ac4be",
                "sha256:94641ee1659be00239882b74e824ca6bc6b0c42f3f63b772f8f42cfaacfc83ab",
                "sha256:9af87170b8a6c8e3219139a7146835bde3f5532cc47553701829a111cb2a9313",
                "sha256:b6bd554afb21407f503d7821b9b8a4c3e36d3eb3e8fee329aa138cb5bc4f4809",
                "sha256:c41a87796b705a473db39d06c220b1f25616b8c92fb5ea5c7fe327d2dcd63eb3",
                "sha256:f00cd88db394bab373bcdcc58ab2eb5c3c3e75a520c6fab084a66d0ecd8cf90c",
                "sha256:f65ea27155c5401e493935abdb10929b6df66256f202b91d00e967e54411f3a0"
            ],
            "version": "==5.2b1"
        },
        "pyzmq": {
            "hashes": [
                "sha256:01b588911714a6696283de3904f564c550c9e12e8b4995e173f1011755e01086",
                "sha256:0573b9790aa26faff33fba40f25763657271d26f64bffb55a957a3d4165d6098",
                "sha256:0fa82b9fc3334478be95a5566f35f23109f763d1669bb762e3871a8fa2a4a037",
                "sha256:1e59b7b19396f26e360f41411a5d4603356d18871049cd7790f1a7d18f65fb2c",
                "sha256:2a294b4f44201bb21acc2c1a17ff87fbe57b82060b10ddb00ac03e57f3d7fcfa",
                "sha256:355b38d7dd6f884b8ee9771f59036bcd178d98539680c4f87e7ceb2c6fd057b6",
                "sha256:4b73d20aec63933bbda7957e30add233289d86d92a0bb9feb3f4746376f33527",
                "sha256:4ec47f2b50bdb97df58f1697470e5c58c3c5109289a623e30baf293481ff0166",
                "sha256:5541dc8cad3a8486d58bbed076cb113b65b5dd6b91eb94fb3e38a3d1d3022f20",
                "sha256:6fca7d11310430e751f9832257866a122edf9d7b635305c5d8c51f74a5174d3d",
                "sha256:7369656f89878455a5bcd5d56ca961884f5d096268f71c0750fc33d6732a25e5",
                "sha256:75d73ee7ca4b289a2a2dfe0e6bd8f854979fc13b3fe4ebc19381be3b04e37a4a",
                "sha256:80c928d5adcfa12346b08d31360988d843b54b94154575cccd628f1fe91446bc",
                "sha256:83ce18b133dc7e6789f64cb994e7376c5aa6b4aeced993048bf1d7f9a0fe6d3a",
                "sha256:8b8498ceee33a7023deb2f3db907ca41d6940321e282297327a9be41e3983792",
                "sha256:8c69a6cbfa94da29a34f6b16193e7c15f5d3220cb772d6d17425ff3faa063a6d",
                "sha256:8ff946b20d13a99dc5c21cb76f4b8b253eeddf3eceab4218df8825b0c65ab23d",
                "sha256:972d723a36ab6a60b7806faa5c18aa3c080b7d046c407e816a1d8673989e2485",
                "sha256:a6c9c42bbdba3f9c73aedbb7671815af1943ae8073e532c2b66efb72f39f4165",
                "sha256:aa3872f2ebfc5f9692ef8957fe69abe92d905a029c0608e45ebfcd451ad30ab5",
                "sha256:cf08435b14684f7f2ca2df32c9df38a79cdc17c20dc461927789216cb43d8363",
                "sha256:d30db4566177a6205ed1badb8dbbac3c043e91b12a2db5ef9171b318c5641b75",
                "sha256:d5ac84f38575a601ab20c1878818ffe0d09eb51d6cb8511b636da46d0fd8949a",
                "sha256:e37f22eb4bfbf69cd462c7000616e03b0cdc1b65f2d99334acad36ea0e4ddf6b",
                "sha256:e6549dd80de7b23b637f586217a4280facd14ac01e9410a037a13854a6977299",
                "sha256:ed6205ca0de035f252baa0fd26fdd2bc8a8f633f92f89ca866fd423ff26c6f25",
                "sha256:efdde21febb9b5d7a8e0b87ea2549d7e00fda1936459cfb27fb6fca0c36af6c1",
                "sha256:f4e72646bfe79ff3adbf1314906bbd2d67ef9ccc71a3a98b8b2ccbcca0ab7bec"
            ],
            "version": "==18.1.1"
        },
        "requests": {
            "hashes": [
                "sha256:502a824f31acdacb3a35b6690b5fbf0bc41d63a24a45c4004352b0242707598e",
                "sha256:7bf2a778576d825600030a110f3c0e3e8edc51dfaafe1c146e39a2027784957b"
            ],
            "index": "pypi",
            "version": "==2.21.0"
        },
        "retype": {
            "hashes": [
                "sha256:7d033b115f66e5327dea0a3fd7c9a3dbfa53841575daf27ce2ce409956d901d4",
                "sha256:846fd135d3ee33c1bad387602a405d808cb99a9a7a47299bfd0e1d25dfb2fedd"
            ],
            "version": "==19.9.0"
        },
        "six": {
            "hashes": [
                "sha256:1f1b7d42e254082a9db6279deae68afb421ceba6158efa6131de7b3003ee93fd",
                "sha256:30f610279e8b2578cab6db20741130331735c781b56053c59c4076da27f06b66"
            ],
            "version": "==1.13.0"
        },
        "snowballstemmer": {
            "hashes": [
                "sha256:209f257d7533fdb3cb73bdbd24f436239ca3b2fa67d56f6ff88e86be08cc5ef0",
                "sha256:df3bac3df4c2c01363f3dd2cfa78cce2840a79b9f1c2d2de9ce8d31683992f52"
            ],
            "version": "==2.0.0"
        },
        "sphinx": {
            "hashes": [
                "sha256:230af939a2f678ab4f2a0a948c3b24a822a0d280821859caaefb750ef7413003",
                "sha256:835c701420102a0a71ba2ed54a5bada2da6fd01263bf6dc8c5c80c798e27709c"
            ],
            "index": "pypi",
            "version": "==2.0.0b1"
        },
        "sphinx-autobuild": {
            "hashes": [
                "sha256:66388f81884666e3821edbe05dd53a0cfb68093873d17320d0610de8db28c74e",
                "sha256:e60aea0789cab02fa32ee63c7acae5ef41c06f1434d9fd0a74250a61f5994692"
            ],
            "index": "pypi",
            "version": "==0.7.1"
        },
        "sphinx-rtd-theme": {
            "hashes": [
                "sha256:00cf895504a7895ee433807c62094cf1e95f065843bf3acd17037c3e9a2becd4",
                "sha256:728607e34d60456d736cc7991fd236afb828b21b82f956c5ea75f94c8414040a"
            ],
            "index": "pypi",
            "version": "==0.4.3"
        },
        "sphinxcontrib-applehelp": {
            "hashes": [
                "sha256:edaa0ab2b2bc74403149cb0209d6775c96de797dfd5b5e2a71981309efab3897",
                "sha256:fb8dee85af95e5c30c91f10e7eb3c8967308518e0f7488a2828ef7bc191d0d5d"
            ],
            "version": "==1.0.1"
        },
        "sphinxcontrib-devhelp": {
            "hashes": [
                "sha256:6c64b077937330a9128a4da74586e8c2130262f014689b4b89e2d08ee7294a34",
                "sha256:9512ecb00a2b0821a146736b39f7aeb90759834b07e81e8cc23a9c70bacb9981"
            ],
            "version": "==1.0.1"
        },
        "sphinxcontrib-htmlhelp": {
            "hashes": [
                "sha256:4670f99f8951bd78cd4ad2ab962f798f5618b17675c35c5ac3b2132a14ea8422",
                "sha256:d4fd39a65a625c9df86d7fa8a2d9f3cd8299a3a4b15db63b50aac9e161d8eff7"
            ],
            "version": "==1.0.2"
        },
        "sphinxcontrib-jsmath": {
            "hashes": [
                "sha256:2ec2eaebfb78f3f2078e73666b1415417a116cc848b72e5172e596c871103178",
                "sha256:a9925e4a4587247ed2191a22df5f6970656cb8ca2bd6284309578f2153e0c4b8"
            ],
            "version": "==1.0.1"
        },
        "sphinxcontrib-qthelp": {
            "hashes": [
                "sha256:513049b93031beb1f57d4daea74068a4feb77aa5630f856fcff2e50de14e9a20",
                "sha256:79465ce11ae5694ff165becda529a600c754f4bc459778778c7017374d4d406f"
            ],
            "version": "==1.0.2"
        },
        "sphinxcontrib-serializinghtml": {
            "hashes": [
                "sha256:c0efb33f8052c04fd7a26c0a07f1678e8512e0faec19f4aa8f2473a8b81d5227",
                "sha256:db6615af393650bf1151a6cd39120c29abaf93cc60db8c48eb2dddbfdc3a9768"
            ],
            "version": "==1.1.3"
        },
        "tornado": {
            "hashes": [
                "sha256:349884248c36801afa19e342a77cc4458caca694b0eda633f5878e458a44cb2c",
                "sha256:398e0d35e086ba38a0427c3b37f4337327231942e731edaa6e9fd1865bbd6f60",
                "sha256:4e73ef678b1a859f0cb29e1d895526a20ea64b5ffd510a2307b5998c7df24281",
                "sha256:559bce3d31484b665259f50cd94c5c28b961b09315ccd838f284687245f416e5",
                "sha256:abbe53a39734ef4aba061fca54e30c6b4639d3e1f59653f0da37a0003de148c7",
                "sha256:c845db36ba616912074c5b1ee897f8e0124df269468f25e4fe21fe72f6edd7a9",
                "sha256:c9399267c926a4e7c418baa5cbe91c7d1cf362d505a1ef898fde44a07c9dd8a5"
            ],
            "version": "==6.0.3"
        },
        "traitlets": {
            "hashes": [
                "sha256:70b4c6a1d9019d7b4f6846832288f86998aa3b9207c6821f3578a6a6a467fe44",
                "sha256:d023ee369ddd2763310e4c3eae1ff649689440d4ae59d7485eb4cfbbe3e359f7"
            ],
            "version": "==4.3.3"
        },
        "typed-ast": {
            "hashes": [
                "sha256:01afc9431f6a3285232915dcbff935937f0271196ed9b52f710bfe6013630554",
                "sha256:1755020d865dd621393d0453a93530e87c091aef7564189b945eee86a34df617",
                "sha256:1d9549f424d59742a4a598a4b23393e2771e32ba8c6ab2655ca186673eacbcc4",
                "sha256:23083f23c44782e6849cb58e8a8c113597fd46120209f34a2a5891384645cc56",
                "sha256:244bc007c2da0750e323657da76dab686327939fe4ff77b23ce49a01b0a85da7",
                "sha256:2c4a37edd1cd2b01aba51c2b92eb5b330cf5789e2484a42dd04a7795695450a2",
                "sha256:6a338cd66cb4cb1f5477d36d363d6fdfe8a552a2b0a485a36f1857ae79a6a0c7",
                "sha256:731f448d6dd9f055d7efd948e497c48d6a5aa681a16703ef1cd1f8023b180db3",
                "sha256:9371921a5fc80e553d4a22fc4509ae543b157215d3a936f8fc649723d66305c2",
                "sha256:9401857bf5eef5c2fe040a6dce5b3b41df7234dfbcb37585ca32aaa49283ab57",
                "sha256:b549870747445aeb6596c7b0be22a127d7e2ff5293be56283ed64dfce8238546",
                "sha256:bc4a61473c78d5f1b67c67f8504b7433d3ef1bc6e1c6a89e7c583ba1c8b9e6ee",
                "sha256:be981e1f1a205721df63e8a3d8f46d18f3fcfa5a5b7394d95d253fff3594e059",
                "sha256:c924149ae964d0379322121868c34c1580cc7054374daac27d97652d69af9973",
                "sha256:c98a849da29147e7160d84011764a23bca8c3c3b4e7568bf172fdf6147d40e25",
                "sha256:cca01d308c725013e555db9413ab4046323e9685f6fa67555f98f08cb4849200",
                "sha256:d13420d91ce835fe3a8fdfd096f0ca71bf5f47761c10ba893d31f99564650e6b",
                "sha256:d4cdcf7d0a37ebde934ec91e691c638c0272a310fbdb31a51757436a5bd58967",
                "sha256:fcfc4869bcd15eb7b90baceb50bfaf1cdfea4a9c2bfa50db17114c6665ca835e"
            ],
            "index": "pypi",
            "version": "==1.3.2"
        },
        "urllib3": {
            "hashes": [
                "sha256:2393a695cd12afedd0dcb26fe5d50d0cf248e5a66f75dbd89a3d4eb333a61af4",
                "sha256:a637e5fae88995b256e3409dc4d52c2e2e0ba32c42a6365fee8bbd2238de3cfb"
            ],
            "version": "==1.24.3"
        },
        "watchdog": {
            "hashes": [
                "sha256:965f658d0732de3188211932aeb0bb457587f04f63ab4c1e33eab878e9de961d"
            ],
            "version": "==0.9.0"
        },
        "wcwidth": {
            "hashes": [
                "sha256:3df37372226d6e63e1b1e1eda15c594bca98a22d33a23832a90998faa96bc65e",
                "sha256:f4ebe71925af7b40a864553f761ed559b43544f8f71746c2d756c7fe788ade7c"
            ],
            "version": "==0.1.7"
        }
    }
}
